<?xml version="1.0" encoding="utf-8"?>
<Project ToolsVersion="4.0" xmlns="http://schemas.microsoft.com/developer/msbuild/2003">
  <ItemGroup>
    <Filter Include="App">
      <UniqueIdentifier>{7f9dde40-4794-404d-867f-7c8da0b26f2f}</UniqueIdentifier>
    </Filter>
    <Filter Include="GameEngine">
      <UniqueIdentifier>{44eee471-5643-483b-8f7a-e337964b2bf8}</UniqueIdentifier>
    </Filter>
    <Filter Include="GameEngine\GraphicsEngine">
      <UniqueIdentifier>{c89375e6-0d51-461a-be3f-d055c4da4344}</UniqueIdentifier>
    </Filter>
    <Filter Include="GameEngine\GraphicsEngine\VertexBuffer">
      <UniqueIdentifier>{cade5cd2-2cd8-4fcb-b861-507c4fec1128}</UniqueIdentifier>
    </Filter>
    <Filter Include="GameEngine\GraphicsEngine\SwapChain">
      <UniqueIdentifier>{55d0fd4c-20ea-4724-9f66-e5b8262e3da2}</UniqueIdentifier>
    </Filter>
    <Filter Include="GameEngine\GraphicsEngine\DeviceContext">
      <UniqueIdentifier>{a666d539-b081-4024-bbb5-64c0cf0812a0}</UniqueIdentifier>
    </Filter>
    <Filter Include="GameEngine\WindowingSystem">
      <UniqueIdentifier>{1a590c20-f9d0-43d7-875c-da4af5632991}</UniqueIdentifier>
    </Filter>
    <Filter Include="Shader">
      <UniqueIdentifier>{f36bd552-ff69-43bb-a20a-a36269cf4276}</UniqueIdentifier>
    </Filter>
    <Filter Include="GameEngine\GraphicsEngine\PixelShader">
      <UniqueIdentifier>{5acc4640-47b0-4f5c-91bb-0709af41729e}</UniqueIdentifier>
    </Filter>
    <Filter Include="GameEngine\GraphicsEngine\VertexShader">
      <UniqueIdentifier>{42fb5b2c-7bc6-477a-b973-7a966dfa26a7}</UniqueIdentifier>
    </Filter>
    <Filter Include="GameEngine\GraphicsEngine\ConstantBuffer">
      <UniqueIdentifier>{1245c536-4b68-410a-8fa9-958ca4c836c8}</UniqueIdentifier>
    </Filter>
    <Filter Include="GameEngine\EngineTime">
      <UniqueIdentifier>{9324ecad-b0a8-443a-88dd-54a2b84ef5e8}</UniqueIdentifier>
    </Filter>
    <Filter Include="GameEngine\Math">
      <UniqueIdentifier>{6564fcdb-5aec-48ca-bacb-c1ca6ff10087}</UniqueIdentifier>
    </Filter>
    <Filter Include="GameEngine\InputSystem">
      <UniqueIdentifier>{dda7f576-4d26-4d85-bd8d-77c208fc3868}</UniqueIdentifier>
    </Filter>
    <Filter Include="GameEngine\GraphicsEngine\IndexBuffer">
      <UniqueIdentifier>{1b061c43-d50a-4015-8a84-1586d8448343}</UniqueIdentifier>
    </Filter>
    <Filter Include="GameEngine\SceneCameraHandler">
      <UniqueIdentifier>{7c4d08bb-ba52-4f77-9d32-60428ce1874b}</UniqueIdentifier>
    </Filter>
    <Filter Include="ImGUI">
      <UniqueIdentifier>{aa3a7382-bf44-4d6e-a541-c59a7e68da6e}</UniqueIdentifier>
    </Filter>
    <Filter Include="GameEngine\GameObjects">
      <UniqueIdentifier>{b1112b1b-3912-4703-8685-b27a90282294}</UniqueIdentifier>
    </Filter>
    <Filter Include="GameEngine\GameObjects\Cube">
      <UniqueIdentifier>{e4005b63-03ab-4ecf-ac60-1ff06ff57420}</UniqueIdentifier>
    </Filter>
    <Filter Include="GameEngine\GameObjects\Quad">
      <UniqueIdentifier>{6514b0bb-18e6-4f4d-ab9e-25ec54f60e11}</UniqueIdentifier>
    </Filter>
    <Filter Include="GameEngine\GameObjects\Camera">
      <UniqueIdentifier>{35733ea4-a6a6-4e8e-a9cb-f00147600a38}</UniqueIdentifier>
    </Filter>
    <Filter Include="GameEngine\GameObjects\Plane">
      <UniqueIdentifier>{ef40fc14-6bbd-4841-9445-77bb79308ecd}</UniqueIdentifier>
    </Filter>
    <Filter Include="GameEngine\GUIHandler">
      <UniqueIdentifier>{cccc3356-f395-4fc8-b162-99b15a96f07e}</UniqueIdentifier>
    </Filter>
    <Filter Include="GameEngine\UI">
      <UniqueIdentifier>{24307835-97c5-4dba-97b0-25b3c0700c1f}</UniqueIdentifier>
    </Filter>
    <Filter Include="GameEngine\UI\UIManager">
      <UniqueIdentifier>{bf3fb5b2-9381-4a01-93cb-741172a2d31b}</UniqueIdentifier>
    </Filter>
    <Filter Include="GameEngine\UI\AUIScreen">
      <UniqueIdentifier>{2de59a24-1492-469a-a175-deb151729759}</UniqueIdentifier>
    </Filter>
    <Filter Include="GameEngine\UI\Screens">
      <UniqueIdentifier>{d5311e1b-55ea-441f-94a5-2d8e85058633}</UniqueIdentifier>
    </Filter>
    <Filter Include="GameEngine\UI\Screens\ToolBar">
      <UniqueIdentifier>{c818865a-28ed-47d4-8812-f78aa08f4374}</UniqueIdentifier>
    </Filter>
    <Filter Include="GameEngine\UI\Screens\SceneOutliner">
      <UniqueIdentifier>{f8ffccf2-21ce-48f2-bdf6-91283b148dd8}</UniqueIdentifier>
    </Filter>
    <Filter Include="GameEngine\UI\Screens\InspectorWindow">
      <UniqueIdentifier>{ce5af4d2-fda4-4f34-901f-20254708217b}</UniqueIdentifier>
    </Filter>
    <Filter Include="GameEngine\UI\Screens\EngineProfiler">
      <UniqueIdentifier>{92c3a24c-29a9-42cf-b490-c23be97a633c}</UniqueIdentifier>
    </Filter>
    <Filter Include="GameEngine\GameObjects\GameObjectManager">
      <UniqueIdentifier>{b9274ca2-f13b-4a90-8fde-618f428bc263}</UniqueIdentifier>
    </Filter>
    <Filter Include="GameEngine\Physics">
      <UniqueIdentifier>{97f2e3f7-b7d4-4ab2-85ce-72ec67e5ca43}</UniqueIdentifier>
    </Filter>
    <Filter Include="GameEngine\Physics\PhysicsSystem">
      <UniqueIdentifier>{de24f396-f3e8-46ba-9344-651a73d36ee9}</UniqueIdentifier>
    </Filter>
    <Filter Include="GameEngine\ComponentSystem">
      <UniqueIdentifier>{7a9046fa-eaf6-4d99-92ce-be20a148cd70}</UniqueIdentifier>
    </Filter>
    <Filter Include="GameEngine\ComponentSystem\Components">
      <UniqueIdentifier>{286732a1-5de4-4a5f-a399-390810e2fdba}</UniqueIdentifier>
    </Filter>
    <Filter Include="ReactPhysics3D">
      <UniqueIdentifier>{e092e1c1-600d-479a-9f2c-4a43c42da1cf}</UniqueIdentifier>
    </Filter>
  </ItemGroup>
  <ItemGroup>
    <ClCompile Include="main.cpp">
      <Filter>App</Filter>
    </ClCompile>
    <ClCompile Include="AppWindow.cpp">
      <Filter>App</Filter>
    </ClCompile>
    <ClCompile Include="DeviceContext.cpp">
      <Filter>GameEngine\GraphicsEngine\DeviceContext</Filter>
    </ClCompile>
    <ClCompile Include="SwapChain.cpp">
      <Filter>GameEngine\GraphicsEngine\SwapChain</Filter>
    </ClCompile>
    <ClCompile Include="GraphicsEngine.cpp">
      <Filter>GameEngine\GraphicsEngine</Filter>
    </ClCompile>
    <ClCompile Include="VertexBuffer.cpp">
      <Filter>GameEngine\GraphicsEngine\VertexBuffer</Filter>
    </ClCompile>
    <ClCompile Include="Window.cpp">
      <Filter>GameEngine\WindowingSystem</Filter>
    </ClCompile>
    <ClCompile Include="VertexShader.cpp">
      <Filter>GameEngine\GraphicsEngine\VertexShader</Filter>
    </ClCompile>
    <ClCompile Include="PixelShader.cpp">
      <Filter>GameEngine\GraphicsEngine\PixelShader</Filter>
    </ClCompile>
    <ClCompile Include="ConstantBuffer.cpp">
      <Filter>GameEngine\GraphicsEngine\ConstantBuffer</Filter>
    </ClCompile>
    <ClCompile Include="EngineTime.cpp">
      <Filter>GameEngine\EngineTime</Filter>
    </ClCompile>
    <ClCompile Include="InputSystem.cpp">
      <Filter>GameEngine\InputSystem</Filter>
    </ClCompile>
    <ClCompile Include="AGameObject.cpp">
      <Filter>GameEngine\GameObjects</Filter>
    </ClCompile>
    <ClCompile Include="IndexBuffer.cpp">
      <Filter>GameEngine\GraphicsEngine\IndexBuffer</Filter>
    </ClCompile>
    <ClCompile Include="Cube.cpp">
      <Filter>GameEngine\GameObjects\Cube</Filter>
    </ClCompile>
    <ClCompile Include="Quad.cpp">
      <Filter>GameEngine\GameObjects\Quad</Filter>
    </ClCompile>
    <ClCompile Include="Camera.cpp">
      <Filter>GameEngine\GameObjects\Camera</Filter>
    </ClCompile>
    <ClCompile Include="SceneCameraHandler.cpp">
      <Filter>GameEngine\SceneCameraHandler</Filter>
    </ClCompile>
    <ClCompile Include="Plane.cpp">
      <Filter>GameEngine\GameObjects\Plane</Filter>
    </ClCompile>
    <ClCompile Include="DearIMGUI\imgui.cpp">
      <Filter>ImGUI</Filter>
    </ClCompile>
    <ClCompile Include="DearIMGUI\imgui_demo.cpp">
      <Filter>ImGUI</Filter>
    </ClCompile>
    <ClCompile Include="DearIMGUI\imgui_draw.cpp">
      <Filter>ImGUI</Filter>
    </ClCompile>
    <ClCompile Include="DearIMGUI\imgui_impl_dx11.cpp">
      <Filter>ImGUI</Filter>
    </ClCompile>
    <ClCompile Include="DearIMGUI\imgui_impl_win32.cpp">
      <Filter>ImGUI</Filter>
    </ClCompile>
    <ClCompile Include="DearIMGUI\imgui_stdlib.cpp">
      <Filter>ImGUI</Filter>
    </ClCompile>
    <ClCompile Include="DearIMGUI\imgui_tables.cpp">
      <Filter>ImGUI</Filter>
    </ClCompile>
    <ClCompile Include="DearIMGUI\imgui_widgets.cpp">
      <Filter>ImGUI</Filter>
    </ClCompile>
    <ClCompile Include="GUIHandler.cpp">
      <Filter>GameEngine\GUIHandler</Filter>
    </ClCompile>
    <ClCompile Include="UIManager.cpp">
      <Filter>GameEngine\UI\UIManager</Filter>
    </ClCompile>
    <ClCompile Include="AUIScreen.cpp">
      <Filter>GameEngine\UI\AUIScreen</Filter>
    </ClCompile>
    <ClCompile Include="ToolBar.cpp">
      <Filter>GameEngine\UI\Screens\ToolBar</Filter>
    </ClCompile>
    <ClCompile Include="SceneOutliner.cpp">
      <Filter>GameEngine\UI\Screens\SceneOutliner</Filter>
    </ClCompile>
    <ClCompile Include="InspectorWindow.cpp">
      <Filter>GameEngine\UI\Screens\InspectorWindow</Filter>
    </ClCompile>
    <ClCompile Include="EngineProfiler.cpp">
      <Filter>GameEngine\UI\Screens\EngineProfiler</Filter>
    </ClCompile>
    <ClCompile Include="GameObjectManager.cpp">
      <Filter>GameEngine\GameObjects\GameObjectManager</Filter>
    </ClCompile>
    <ClCompile Include="PhysicsSystem.cpp">
      <Filter>GameEngine\Physics\PhysicsSystem</Filter>
    </ClCompile>
    <ClCompile Include="AComponent.cpp">
      <Filter>GameEngine\ComponentSystem\Components</Filter>
    </ClCompile>
    <ClCompile Include="PhysicsComponent.cpp">
      <Filter>GameEngine\ComponentSystem\Components</Filter>
    </ClCompile>
    <ClCompile Include="BaseComponentSystem.cpp">
      <Filter>GameEngine\ComponentSystem\Components</Filter>
    </ClCompile>
  </ItemGroup>
  <ItemGroup>
    <ClInclude Include="AppWindow.h">
      <Filter>App</Filter>
    </ClInclude>
    <ClInclude Include="DeviceContext.h">
      <Filter>GameEngine\GraphicsEngine\DeviceContext</Filter>
    </ClInclude>
    <ClInclude Include="SwapChain.h">
      <Filter>GameEngine\GraphicsEngine\SwapChain</Filter>
    </ClInclude>
    <ClInclude Include="GraphicsEngine.h">
      <Filter>GameEngine\GraphicsEngine</Filter>
    </ClInclude>
    <ClInclude Include="VertexBuffer.h">
      <Filter>GameEngine\GraphicsEngine\VertexBuffer</Filter>
    </ClInclude>
    <ClInclude Include="Window.h">
      <Filter>GameEngine\WindowingSystem</Filter>
    </ClInclude>
    <ClInclude Include="VertexShader.h">
      <Filter>GameEngine\GraphicsEngine\VertexShader</Filter>
    </ClInclude>
    <ClInclude Include="PixelShader.h">
      <Filter>GameEngine\GraphicsEngine\PixelShader</Filter>
    </ClInclude>
    <ClInclude Include="ConstantBuffer.h">
      <Filter>GameEngine\GraphicsEngine\ConstantBuffer</Filter>
    </ClInclude>
    <ClInclude Include="EngineTime.h">
      <Filter>GameEngine\EngineTime</Filter>
    </ClInclude>
    <ClInclude Include="Vector3D.h">
      <Filter>GameEngine\Math</Filter>
    </ClInclude>
    <ClInclude Include="Matrix4x4.h">
      <Filter>GameEngine\Math</Filter>
    </ClInclude>
    <ClInclude Include="InputSystem.h">
      <Filter>GameEngine\InputSystem</Filter>
    </ClInclude>
    <ClInclude Include="AGameObject.h">
      <Filter>GameEngine\GameObjects</Filter>
    </ClInclude>
    <ClInclude Include="IndexBuffer.h">
      <Filter>GameEngine\GraphicsEngine\IndexBuffer</Filter>
    </ClInclude>
    <ClInclude Include="Cube.h">
      <Filter>GameEngine\GameObjects\Cube</Filter>
    </ClInclude>
    <ClInclude Include="Quad.h">
      <Filter>GameEngine\GameObjects\Quad</Filter>
    </ClInclude>
    <ClInclude Include="InputListener.h">
      <Filter>GameEngine\InputSystem</Filter>
    </ClInclude>
    <ClInclude Include="Point.h">
      <Filter>GameEngine\Math</Filter>
    </ClInclude>
    <ClInclude Include="Camera.h">
      <Filter>GameEngine\GameObjects\Camera</Filter>
    </ClInclude>
    <ClInclude Include="Vector4D.h">
      <Filter>GameEngine\Math</Filter>
    </ClInclude>
    <ClInclude Include="SceneCameraHandler.h">
      <Filter>GameEngine\SceneCameraHandler</Filter>
    </ClInclude>
    <ClInclude Include="Plane.h">
      <Filter>GameEngine\GameObjects\Plane</Filter>
    </ClInclude>
    <ClInclude Include="DearIMGUI\imconfig.h">
      <Filter>ImGUI</Filter>
    </ClInclude>
    <ClInclude Include="DearIMGUI\imgui.h">
      <Filter>ImGUI</Filter>
    </ClInclude>
    <ClInclude Include="DearIMGUI\imgui_impl_dx11.h">
      <Filter>ImGUI</Filter>
    </ClInclude>
    <ClInclude Include="DearIMGUI\imgui_impl_win32.h">
      <Filter>ImGUI</Filter>
    </ClInclude>
    <ClInclude Include="DearIMGUI\imgui_internal.h">
      <Filter>ImGUI</Filter>
    </ClInclude>
    <ClInclude Include="DearIMGUI\imgui_stdlib.h">
      <Filter>ImGUI</Filter>
    </ClInclude>
    <ClInclude Include="DearIMGUI\imstb_rectpack.h">
      <Filter>ImGUI</Filter>
    </ClInclude>
    <ClInclude Include="DearIMGUI\imstb_textedit.h">
      <Filter>ImGUI</Filter>
    </ClInclude>
    <ClInclude Include="DearIMGUI\imstb_truetype.h">
      <Filter>ImGUI</Filter>
    </ClInclude>
    <ClInclude Include="GUIHandler.h">
      <Filter>GameEngine\GUIHandler</Filter>
    </ClInclude>
    <ClInclude Include="UIManager.h">
      <Filter>GameEngine\UI\UIManager</Filter>
    </ClInclude>
    <ClInclude Include="AUIScreen.h">
      <Filter>GameEngine\UI\AUIScreen</Filter>
    </ClInclude>
    <ClInclude Include="ToolBar.h">
      <Filter>GameEngine\UI\Screens\ToolBar</Filter>
    </ClInclude>
    <ClInclude Include="SceneOutliner.h">
      <Filter>GameEngine\UI\Screens\SceneOutliner</Filter>
    </ClInclude>
    <ClInclude Include="UINames.h">
      <Filter>GameEngine\UI</Filter>
    </ClInclude>
    <ClInclude Include="InspectorWindow.h">
      <Filter>GameEngine\UI\Screens\InspectorWindow</Filter>
    </ClInclude>
    <ClInclude Include="EngineProfiler.h">
      <Filter>GameEngine\UI\Screens\EngineProfiler</Filter>
    </ClInclude>
    <ClInclude Include="GameObjectManager.h">
      <Filter>GameEngine\GameObjects\GameObjectManager</Filter>
    </ClInclude>
    <ClInclude Include="ReactPhysics3D\include\reactphysics3d\collision\shapes\AABB.h">
      <Filter>ReactPhysics3D</Filter>
    </ClInclude>
    <ClInclude Include="ReactPhysics3D\include\reactphysics3d\containers\Array.h">
      <Filter>ReactPhysics3D</Filter>
    </ClInclude>
    <ClInclude Include="ReactPhysics3D\include\reactphysics3d\constraint\BallAndSocketJoint.h">
      <Filter>ReactPhysics3D</Filter>
    </ClInclude>
    <ClInclude Include="ReactPhysics3D\include\reactphysics3d\components\BallAndSocketJointComponents.h">
      <Filter>ReactPhysics3D</Filter>
    </ClInclude>
    <ClInclude Include="ReactPhysics3D\include\reactphysics3d\collision\shapes\BoxShape.h">
      <Filter>ReactPhysics3D</Filter>
    </ClInclude>
    <ClInclude Include="ReactPhysics3D\include\reactphysics3d\systems\BroadPhaseSystem.h">
      <Filter>ReactPhysics3D</Filter>
    </ClInclude>
    <ClInclude Include="ReactPhysics3D\include\reactphysics3d\collision\shapes\CapsuleShape.h">
      <Filter>ReactPhysics3D</Filter>
    </ClInclude>
    <ClInclude Include="ReactPhysics3D\include\reactphysics3d\collision\narrowphase\CapsuleVsCapsuleAlgorithm.h">
      <Filter>ReactPhysics3D</Filter>
    </ClInclude>
    <ClInclude Include="ReactPhysics3D\include\reactphysics3d\collision\narrowphase\CapsuleVsConvexPolyhedronAlgorithm.h">
      <Filter>ReactPhysics3D</Filter>
    </ClInclude>
    <ClInclude Include="ReactPhysics3D\include\reactphysics3d\collision\Collider.h">
      <Filter>ReactPhysics3D</Filter>
    </ClInclude>
    <ClInclude Include="ReactPhysics3D\include\reactphysics3d\components\ColliderComponents.h">
      <Filter>ReactPhysics3D</Filter>
    </ClInclude>
    <ClInclude Include="ReactPhysics3D\include\reactphysics3d\body\CollisionBody.h">
      <Filter>ReactPhysics3D</Filter>
    </ClInclude>
    <ClInclude Include="ReactPhysics3D\include\reactphysics3d\components\CollisionBodyComponents.h">
      <Filter>ReactPhysics3D</Filter>
    </ClInclude>
    <ClInclude Include="ReactPhysics3D\include\reactphysics3d\collision\CollisionCallback.h">
      <Filter>ReactPhysics3D</Filter>
    </ClInclude>
    <ClInclude Include="ReactPhysics3D\include\reactphysics3d\systems\CollisionDetectionSystem.h">
      <Filter>ReactPhysics3D</Filter>
    </ClInclude>
    <ClInclude Include="ReactPhysics3D\include\reactphysics3d\collision\narrowphase\CollisionDispatch.h">
      <Filter>ReactPhysics3D</Filter>
    </ClInclude>
    <ClInclude Include="ReactPhysics3D\include\reactphysics3d\collision\shapes\CollisionShape.h">
      <Filter>ReactPhysics3D</Filter>
    </ClInclude>
    <ClInclude Include="ReactPhysics3D\include\reactphysics3d\components\Components.h">
      <Filter>ReactPhysics3D</Filter>
    </ClInclude>
    <ClInclude Include="ReactPhysics3D\include\reactphysics3d\collision\shapes\ConcaveMeshShape.h">
      <Filter>ReactPhysics3D</Filter>
    </ClInclude>
    <ClInclude Include="ReactPhysics3D\include\reactphysics3d\collision\shapes\ConcaveShape.h">
      <Filter>ReactPhysics3D</Filter>
    </ClInclude>
    <ClInclude Include="ReactPhysics3D\include\reactphysics3d\configuration.h">
      <Filter>ReactPhysics3D</Filter>
    </ClInclude>
    <ClInclude Include="ReactPhysics3D\include\reactphysics3d\systems\ConstraintSolverSystem.h">
      <Filter>ReactPhysics3D</Filter>
    </ClInclude>
    <ClInclude Include="ReactPhysics3D\include\reactphysics3d\collision\ContactManifold.h">
      <Filter>ReactPhysics3D</Filter>
    </ClInclude>
    <ClInclude Include="ReactPhysics3D\include\reactphysics3d\collision\ContactManifoldInfo.h">
      <Filter>ReactPhysics3D</Filter>
    </ClInclude>
    <ClInclude Include="ReactPhysics3D\include\reactphysics3d\collision\ContactPair.h">
      <Filter>ReactPhysics3D</Filter>
    </ClInclude>
    <ClInclude Include="ReactPhysics3D\include\reactphysics3d\constraint\ContactPoint.h">
      <Filter>ReactPhysics3D</Filter>
    </ClInclude>
    <ClInclude Include="ReactPhysics3D\include\reactphysics3d\collision\ContactPointInfo.h">
      <Filter>ReactPhysics3D</Filter>
    </ClInclude>
    <ClInclude Include="ReactPhysics3D\include\reactphysics3d\systems\ContactSolverSystem.h">
      <Filter>ReactPhysics3D</Filter>
    </ClInclude>
    <ClInclude Include="ReactPhysics3D\include\reactphysics3d\containers\containers_common.h">
      <Filter>ReactPhysics3D</Filter>
    </ClInclude>
    <ClInclude Include="ReactPhysics3D\include\reactphysics3d\collision\shapes\ConvexMeshShape.h">
      <Filter>ReactPhysics3D</Filter>
    </ClInclude>
    <ClInclude Include="ReactPhysics3D\include\reactphysics3d\collision\shapes\ConvexPolyhedronShape.h">
      <Filter>ReactPhysics3D</Filter>
    </ClInclude>
    <ClInclude Include="ReactPhysics3D\include\reactphysics3d\collision\narrowphase\ConvexPolyhedronVsConvexPolyhedronAlgorithm.h">
      <Filter>ReactPhysics3D</Filter>
    </ClInclude>
    <ClInclude Include="ReactPhysics3D\include\reactphysics3d\collision\shapes\ConvexShape.h">
      <Filter>ReactPhysics3D</Filter>
    </ClInclude>
    <ClInclude Include="ReactPhysics3D\include\reactphysics3d\utils\DebugRenderer.h">
      <Filter>ReactPhysics3D</Filter>
    </ClInclude>
    <ClInclude Include="ReactPhysics3D\include\reactphysics3d\decimal.h">
      <Filter>ReactPhysics3D</Filter>
    </ClInclude>
    <ClInclude Include="ReactPhysics3D\include\reactphysics3d\memory\DefaultAllocator.h">
      <Filter>ReactPhysics3D</Filter>
    </ClInclude>
    <ClInclude Include="ReactPhysics3D\include\reactphysics3d\utils\DefaultLogger.h">
      <Filter>ReactPhysics3D</Filter>
    </ClInclude>
    <ClInclude Include="ReactPhysics3D\include\reactphysics3d\containers\Deque.h">
      <Filter>ReactPhysics3D</Filter>
    </ClInclude>
    <ClInclude Include="ReactPhysics3D\include\reactphysics3d\collision\broadphase\DynamicAABBTree.h">
      <Filter>ReactPhysics3D</Filter>
    </ClInclude>
    <ClInclude Include="ReactPhysics3D\include\reactphysics3d\systems\DynamicsSystem.h">
      <Filter>ReactPhysics3D</Filter>
    </ClInclude>
    <ClInclude Include="ReactPhysics3D\include\reactphysics3d\engine\Entity.h">
      <Filter>ReactPhysics3D</Filter>
    </ClInclude>
    <ClInclude Include="ReactPhysics3D\include\reactphysics3d\engine\EntityManager.h">
      <Filter>ReactPhysics3D</Filter>
    </ClInclude>
    <ClInclude Include="ReactPhysics3D\include\reactphysics3d\engine\EventListener.h">
      <Filter>ReactPhysics3D</Filter>
    </ClInclude>
    <ClInclude Include="ReactPhysics3D\include\reactphysics3d\constraint\FixedJoint.h">
      <Filter>ReactPhysics3D</Filter>
    </ClInclude>
    <ClInclude Include="ReactPhysics3D\include\reactphysics3d\components\FixedJointComponents.h">
      <Filter>ReactPhysics3D</Filter>
    </ClInclude>
    <ClInclude Include="ReactPhysics3D\include\reactphysics3d\collision\narrowphase\GJK\GJKAlgorithm.h">
      <Filter>ReactPhysics3D</Filter>
    </ClInclude>
    <ClInclude Include="ReactPhysics3D\include\reactphysics3d\collision\HalfEdgeStructure.h">
      <Filter>ReactPhysics3D</Filter>
    </ClInclude>
    <ClInclude Include="ReactPhysics3D\include\reactphysics3d\memory\HeapAllocator.h">
      <Filter>ReactPhysics3D</Filter>
    </ClInclude>
    <ClInclude Include="ReactPhysics3D\include\reactphysics3d\collision\shapes\HeightFieldShape.h">
      <Filter>ReactPhysics3D</Filter>
    </ClInclude>
    <ClInclude Include="ReactPhysics3D\include\reactphysics3d\constraint\HingeJoint.h">
      <Filter>ReactPhysics3D</Filter>
    </ClInclude>
    <ClInclude Include="ReactPhysics3D\include\reactphysics3d\components\HingeJointComponents.h">
      <Filter>ReactPhysics3D</Filter>
    </ClInclude>
    <ClInclude Include="ReactPhysics3D\include\reactphysics3d\engine\Island.h">
      <Filter>ReactPhysics3D</Filter>
    </ClInclude>
    <ClInclude Include="ReactPhysics3D\include\reactphysics3d\engine\Islands.h">
      <Filter>ReactPhysics3D</Filter>
    </ClInclude>
    <ClInclude Include="ReactPhysics3D\include\reactphysics3d\constraint\Joint.h">
      <Filter>ReactPhysics3D</Filter>
    </ClInclude>
    <ClInclude Include="ReactPhysics3D\include\reactphysics3d\components\JointComponents.h">
      <Filter>ReactPhysics3D</Filter>
    </ClInclude>
    <ClInclude Include="ReactPhysics3D\include\reactphysics3d\containers\LinkedList.h">
      <Filter>ReactPhysics3D</Filter>
    </ClInclude>
    <ClInclude Include="ReactPhysics3D\include\reactphysics3d\utils\Logger.h">
      <Filter>ReactPhysics3D</Filter>
    </ClInclude>
    <ClInclude Include="ReactPhysics3D\include\reactphysics3d\containers\Map.h">
      <Filter>ReactPhysics3D</Filter>
    </ClInclude>
    <ClInclude Include="ReactPhysics3D\include\reactphysics3d\engine\Material.h">
      <Filter>ReactPhysics3D</Filter>
    </ClInclude>
    <ClInclude Include="ReactPhysics3D\include\reactphysics3d\mathematics\mathematics.h">
      <Filter>ReactPhysics3D</Filter>
    </ClInclude>
    <ClInclude Include="ReactPhysics3D\include\reactphysics3d\mathematics\mathematics_common.h">
      <Filter>ReactPhysics3D</Filter>
    </ClInclude>
    <ClInclude Include="ReactPhysics3D\include\reactphysics3d\mathematics\mathematics_functions.h">
      <Filter>ReactPhysics3D</Filter>
    </ClInclude>
    <ClInclude Include="ReactPhysics3D\include\reactphysics3d\mathematics\Matrix2x2.h">
      <Filter>ReactPhysics3D</Filter>
    </ClInclude>
    <ClInclude Include="ReactPhysics3D\include\reactphysics3d\mathematics\Matrix3x3.h">
      <Filter>ReactPhysics3D</Filter>
    </ClInclude>
    <ClInclude Include="ReactPhysics3D\include\reactphysics3d\memory\MemoryAllocator.h">
      <Filter>ReactPhysics3D</Filter>
    </ClInclude>
    <ClInclude Include="ReactPhysics3D\include\reactphysics3d\memory\MemoryManager.h">
      <Filter>ReactPhysics3D</Filter>
    </ClInclude>
    <ClInclude Include="ReactPhysics3D\include\reactphysics3d\collision\narrowphase\NarrowPhaseAlgorithm.h">
      <Filter>ReactPhysics3D</Filter>
    </ClInclude>
    <ClInclude Include="ReactPhysics3D\include\reactphysics3d\collision\narrowphase\NarrowPhaseInfoBatch.h">
      <Filter>ReactPhysics3D</Filter>
    </ClInclude>
    <ClInclude Include="ReactPhysics3D\include\reactphysics3d\collision\narrowphase\NarrowPhaseInput.h">
      <Filter>ReactPhysics3D</Filter>
    </ClInclude>
    <ClInclude Include="ReactPhysics3D\include\reactphysics3d\collision\OverlapCallback.h">
      <Filter>ReactPhysics3D</Filter>
    </ClInclude>
    <ClInclude Include="ReactPhysics3D\include\reactphysics3d\engine\OverlappingPairs.h">
      <Filter>ReactPhysics3D</Filter>
    </ClInclude>
    <ClInclude Include="ReactPhysics3D\include\reactphysics3d\containers\Pair.h">
      <Filter>ReactPhysics3D</Filter>
    </ClInclude>
    <ClInclude Include="ReactPhysics3D\include\reactphysics3d\engine\PhysicsCommon.h">
      <Filter>ReactPhysics3D</Filter>
    </ClInclude>
    <ClInclude Include="ReactPhysics3D\include\reactphysics3d\engine\PhysicsWorld.h">
      <Filter>ReactPhysics3D</Filter>
    </ClInclude>
    <ClInclude Include="ReactPhysics3D\include\reactphysics3d\collision\PolygonVertexArray.h">
      <Filter>ReactPhysics3D</Filter>
    </ClInclude>
    <ClInclude Include="ReactPhysics3D\include\reactphysics3d\collision\PolyhedronMesh.h">
      <Filter>ReactPhysics3D</Filter>
    </ClInclude>
    <ClInclude Include="ReactPhysics3D\include\reactphysics3d\memory\PoolAllocator.h">
      <Filter>ReactPhysics3D</Filter>
    </ClInclude>
    <ClInclude Include="ReactPhysics3D\include\reactphysics3d\utils\Profiler.h">
      <Filter>ReactPhysics3D</Filter>
    </ClInclude>
    <ClInclude Include="ReactPhysics3D\include\reactphysics3d\mathematics\Quaternion.h">
      <Filter>ReactPhysics3D</Filter>
    </ClInclude>
    <ClInclude Include="ReactPhysics3D\include\reactphysics3d\mathematics\Ray.h">
      <Filter>ReactPhysics3D</Filter>
    </ClInclude>
    <ClInclude Include="ReactPhysics3D\include\reactphysics3d\collision\RaycastInfo.h">
      <Filter>ReactPhysics3D</Filter>
    </ClInclude>
    <ClInclude Include="ReactPhysics3D\include\reactphysics3d\reactphysics3d.h">
      <Filter>ReactPhysics3D</Filter>
    </ClInclude>
    <ClInclude Include="ReactPhysics3D\include\reactphysics3d\body\RigidBody.h">
      <Filter>ReactPhysics3D</Filter>
    </ClInclude>
    <ClInclude Include="ReactPhysics3D\include\reactphysics3d\components\RigidBodyComponents.h">
      <Filter>ReactPhysics3D</Filter>
    </ClInclude>
    <ClInclude Include="ReactPhysics3D\include\reactphysics3d\collision\narrowphase\SAT\SATAlgorithm.h">
      <Filter>ReactPhysics3D</Filter>
    </ClInclude>
    <ClInclude Include="ReactPhysics3D\include\reactphysics3d\containers\Set.h">
      <Filter>ReactPhysics3D</Filter>
    </ClInclude>
    <ClInclude Include="ReactPhysics3D\include\reactphysics3d\memory\SingleFrameAllocator.h">
      <Filter>ReactPhysics3D</Filter>
    </ClInclude>
    <ClInclude Include="ReactPhysics3D\include\reactphysics3d\constraint\SliderJoint.h">
      <Filter>ReactPhysics3D</Filter>
    </ClInclude>
    <ClInclude Include="ReactPhysics3D\include\reactphysics3d\components\SliderJointComponents.h">
      <Filter>ReactPhysics3D</Filter>
    </ClInclude>
    <ClInclude Include="ReactPhysics3D\include\reactphysics3d\systems\SolveBallAndSocketJointSystem.h">
      <Filter>ReactPhysics3D</Filter>
    </ClInclude>
    <ClInclude Include="ReactPhysics3D\include\reactphysics3d\systems\SolveFixedJointSystem.h">
      <Filter>ReactPhysics3D</Filter>
    </ClInclude>
    <ClInclude Include="ReactPhysics3D\include\reactphysics3d\systems\SolveHingeJointSystem.h">
      <Filter>ReactPhysics3D</Filter>
    </ClInclude>
    <ClInclude Include="ReactPhysics3D\include\reactphysics3d\systems\SolveSliderJointSystem.h">
      <Filter>ReactPhysics3D</Filter>
    </ClInclude>
    <ClInclude Include="ReactPhysics3D\include\reactphysics3d\collision\shapes\SphereShape.h">
      <Filter>ReactPhysics3D</Filter>
    </ClInclude>
    <ClInclude Include="ReactPhysics3D\include\reactphysics3d\collision\narrowphase\SphereVsCapsuleAlgorithm.h">
      <Filter>ReactPhysics3D</Filter>
    </ClInclude>
    <ClInclude Include="ReactPhysics3D\include\reactphysics3d\collision\narrowphase\SphereVsConvexPolyhedronAlgorithm.h">
      <Filter>ReactPhysics3D</Filter>
    </ClInclude>
    <ClInclude Include="ReactPhysics3D\include\reactphysics3d\collision\narrowphase\SphereVsSphereAlgorithm.h">
      <Filter>ReactPhysics3D</Filter>
    </ClInclude>
    <ClInclude Include="ReactPhysics3D\include\reactphysics3d\containers\Stack.h">
      <Filter>ReactPhysics3D</Filter>
    </ClInclude>
    <ClInclude Include="ReactPhysics3D\include\reactphysics3d\mathematics\Transform.h">
      <Filter>ReactPhysics3D</Filter>
    </ClInclude>
    <ClInclude Include="ReactPhysics3D\include\reactphysics3d\components\TransformComponents.h">
      <Filter>ReactPhysics3D</Filter>
    </ClInclude>
    <ClInclude Include="ReactPhysics3D\include\reactphysics3d\collision\TriangleMesh.h">
      <Filter>ReactPhysics3D</Filter>
    </ClInclude>
    <ClInclude Include="ReactPhysics3D\include\reactphysics3d\collision\shapes\TriangleShape.h">
      <Filter>ReactPhysics3D</Filter>
    </ClInclude>
    <ClInclude Include="ReactPhysics3D\include\reactphysics3d\collision\TriangleVertexArray.h">
      <Filter>ReactPhysics3D</Filter>
    </ClInclude>
    <ClInclude Include="ReactPhysics3D\include\reactphysics3d\mathematics\Vector2.h">
      <Filter>ReactPhysics3D</Filter>
    </ClInclude>
    <ClInclude Include="ReactPhysics3D\include\reactphysics3d\mathematics\Vector3.h">
      <Filter>ReactPhysics3D</Filter>
    </ClInclude>
    <ClInclude Include="ReactPhysics3D\include\reactphysics3d\collision\narrowphase\GJK\VoronoiSimplex.h">
      <Filter>ReactPhysics3D</Filter>
    </ClInclude>
    <ClInclude Include="PhysicsSystem.h">
      <Filter>GameEngine\Physics\PhysicsSystem</Filter>
    </ClInclude>
    <ClInclude Include="AComponent.h">
      <Filter>GameEngine\ComponentSystem\Components</Filter>
    </ClInclude>
    <ClInclude Include="PhysicsComponent.h">
      <Filter>GameEngine\ComponentSystem\Components</Filter>
    </ClInclude>
    <ClInclude Include="BaseComponentSystem.h">
      <Filter>GameEngine\ComponentSystem\Components</Filter>
    </ClInclude>
  </ItemGroup>
  <ItemGroup>
    <FxCompile Include="Shader.fx">
      <Filter>Shader</Filter>
    </FxCompile>
    <FxCompile Include="VertexShader.hlsl">
      <Filter>App</Filter>
    </FxCompile>
    <FxCompile Include="PixelShader.hlsl">
      <Filter>App</Filter>
    </FxCompile>
  </ItemGroup>
</Project>